<Solution>
  <Folder Name="/src/">
    <Project Path="src/Novolis.Messaging.Channels/Novolis.Messaging.Channels.csproj" />
    <Project Path="src/Novolis.Messaging/Novolis.Messaging.csproj" />
  </Folder>
  <Folder Name="/tests/">
    <Project Path="tests/Novolis.Messaging.Unit/Novolis.Messaging.Unit.csproj" />
    </Folder>
</Solution>
